
Microsoft Visual Studio Solution File, Format Version 12.00
# Visual Studio Version 17
VisualStudioVersion = 17.7.34031.279
MinimumVisualStudioVersion = 10.0.40219.1
Project("{2150E333-8FDC-42A3-9474-1A3956D46DE8}") = "Lib", "Lib", "{DF9606EA-47A4-4DCB-9A3A-399370985AED}"
EndProject
Project("{9A19103F-16F7-4668-BE54-9A1E7A4F7556}") = "SelfieAWookie.API.UI.Models", "SelfieAWookie.API.UI.Models\SelfieAWookie.API.UI.Models.csproj", "{526DFC80-EC03-4ACF-8FE8-A02ADD31D37D}"
EndProject
Project("{2150E333-8FDC-42A3-9474-1A3956D46DE8}") = "Test", "Test", "{6CDDAAC7-25B9-423A-A679-6295E3AF08D0}"
EndProject
Project("{9A19103F-16F7-4668-BE54-9A1E7A4F7556}") = "Test.SelfieAWookie.API.UI", "Test.SelfieAWookie.API.UI\Test.SelfieAWookie.API.UI.csproj", "{9ADF1DFE-63E2-49B6-B2C1-9A1834676C05}"
EndProject
Project("{9A19103F-16F7-4668-BE54-9A1E7A4F7556}") = "SelfieAWookie.Core.Selfies.Domain", "SelfieAWookie.Core.Selfies.Domain\SelfieAWookie.Core.Selfies.Domain.csproj", "{C048225A-6DFC-4E67-8265-B7DB5519178F}"
EndProject
Project("{9A19103F-16F7-4668-BE54-9A1E7A4F7556}") = "SelfieAWookie.Core.Selfies.Infrastructure", "SelfieAWookie.Core.Selfie.Infrastructure\SelfieAWookie.Core.Selfies.Infrastructure.csproj", "{353BBDCE-D3C0-47D2-A4EB-40B9E844F4BB}"
EndProject
Project("{9A19103F-16F7-4668-BE54-9A1E7A4F7556}") = "SelfieAWookie.Core.Selfies.Interface", "SelfieAWookie.Core.Selfies.Interface\SelfieAWookie.Core.Selfies.Interface.csproj", "{C27388B2-8A78-4E56-8DDA-CEA8D2D50272}"
EndProject
Project("{9A19103F-16F7-4668-BE54-9A1E7A4F7556}") = "SelfieAWookie.Core.Selfies.Application", "SelfieAWookie.Core.Selfies.Application\SelfieAWookie.Core.Selfies.Application.csproj", "{8B919D7F-7942-4552-ACAA-458A3621F631}"
EndProject
Project("{9A19103F-16F7-4668-BE54-9A1E7A4F7556}") = "SelfieAWookie.API.UI", "SelfieAWookie.API.UI\SelfieAWookie.API.UI.csproj", "{014E11AE-38E5-495A-B4A2-4993626E2353}"
EndProject
Global
	GlobalSection(SolutionConfigurationPlatforms) = preSolution
		Debug|Any CPU = Debug|Any CPU
		Release|Any CPU = Release|Any CPU
	EndGlobalSection
	GlobalSection(ProjectConfigurationPlatforms) = postSolution
		{526DFC80-EC03-4ACF-8FE8-A02ADD31D37D}.Debug|Any CPU.ActiveCfg = Debug|Any CPU
		{526DFC80-EC03-4ACF-8FE8-A02ADD31D37D}.Debug|Any CPU.Build.0 = Debug|Any CPU
		{526DFC80-EC03-4ACF-8FE8-A02ADD31D37D}.Release|Any CPU.ActiveCfg = Release|Any CPU
		{526DFC80-EC03-4ACF-8FE8-A02ADD31D37D}.Release|Any CPU.Build.0 = Release|Any CPU
		{9ADF1DFE-63E2-49B6-B2C1-9A1834676C05}.Debug|Any CPU.ActiveCfg = Debug|Any CPU
		{9ADF1DFE-63E2-49B6-B2C1-9A1834676C05}.Debug|Any CPU.Build.0 = Debug|Any CPU
		{9ADF1DFE-63E2-49B6-B2C1-9A1834676C05}.Release|Any CPU.ActiveCfg = Release|Any CPU
		{9ADF1DFE-63E2-49B6-B2C1-9A1834676C05}.Release|Any CPU.Build.0 = Release|Any CPU
		{C048225A-6DFC-4E67-8265-B7DB5519178F}.Debug|Any CPU.ActiveCfg = Debug|Any CPU
		{C048225A-6DFC-4E67-8265-B7DB5519178F}.Debug|Any CPU.Build.0 = Debug|Any CPU
		{C048225A-6DFC-4E67-8265-B7DB5519178F}.Release|Any CPU.ActiveCfg = Release|Any CPU
		{C048225A-6DFC-4E67-8265-B7DB5519178F}.Release|Any CPU.Build.0 = Release|Any CPU
		{353BBDCE-D3C0-47D2-A4EB-40B9E844F4BB}.Debug|Any CPU.ActiveCfg = Debug|Any CPU
		{353BBDCE-D3C0-47D2-A4EB-40B9E844F4BB}.Debug|Any CPU.Build.0 = Debug|Any CPU
		{353BBDCE-D3C0-47D2-A4EB-40B9E844F4BB}.Release|Any CPU.ActiveCfg = Release|Any CPU
		{353BBDCE-D3C0-47D2-A4EB-40B9E844F4BB}.Release|Any CPU.Build.0 = Release|Any CPU
		{C27388B2-8A78-4E56-8DDA-CEA8D2D50272}.Debug|Any CPU.ActiveCfg = Debug|Any CPU
		{C27388B2-8A78-4E56-8DDA-CEA8D2D50272}.Debug|Any CPU.Build.0 = Debug|Any CPU
		{C27388B2-8A78-4E56-8DDA-CEA8D2D50272}.Release|Any CPU.ActiveCfg = Release|Any CPU
		{C27388B2-8A78-4E56-8DDA-CEA8D2D50272}.Release|Any CPU.Build.0 = Release|Any CPU
		{8B919D7F-7942-4552-ACAA-458A3621F631}.Debug|Any CPU.ActiveCfg = Debug|Any CPU
		{8B919D7F-7942-4552-ACAA-458A3621F631}.Debug|Any CPU.Build.0 = Debug|Any CPU
		{8B919D7F-7942-4552-ACAA-458A3621F631}.Release|Any CPU.ActiveCfg = Release|Any CPU
		{8B919D7F-7942-4552-ACAA-458A3621F631}.Release|Any CPU.Build.0 = Release|Any CPU
		{014E11AE-38E5-495A-B4A2-4993626E2353}.Debug|Any CPU.ActiveCfg = Debug|Any CPU
		{014E11AE-38E5-495A-B4A2-4993626E2353}.Debug|Any CPU.Build.0 = Debug|Any CPU
		{014E11AE-38E5-495A-B4A2-4993626E2353}.Release|Any CPU.ActiveCfg = Release|Any CPU
		{014E11AE-38E5-495A-B4A2-4993626E2353}.Release|Any CPU.Build.0 = Release|Any CPU
	EndGlobalSection
	GlobalSection(SolutionProperties) = preSolution
		HideSolutionNode = FALSE
	EndGlobalSection
	GlobalSection(NestedProjects) = preSolution
		{526DFC80-EC03-4ACF-8FE8-A02ADD31D37D} = {DF9606EA-47A4-4DCB-9A3A-399370985AED}
		{9ADF1DFE-63E2-49B6-B2C1-9A1834676C05} = {6CDDAAC7-25B9-423A-A679-6295E3AF08D0}
		{C048225A-6DFC-4E67-8265-B7DB5519178F} = {DF9606EA-47A4-4DCB-9A3A-399370985AED}
		{353BBDCE-D3C0-47D2-A4EB-40B9E844F4BB} = {DF9606EA-47A4-4DCB-9A3A-399370985AED}
		{C27388B2-8A78-4E56-8DDA-CEA8D2D50272} = {DF9606EA-47A4-4DCB-9A3A-399370985AED}
		{8B919D7F-7942-4552-ACAA-458A3621F631} = {DF9606EA-47A4-4DCB-9A3A-399370985AED}
	EndGlobalSection
	GlobalSection(ExtensibilityGlobals) = postSolution
		SolutionGuid = {09D3BC9C-32ED-4445-ABD3-524F66924734}
	EndGlobalSection
EndGlobal
